// !$*UTF8*$!
{
	archiveVersion = 1;
	classes = {
	};
	objectVersion = 55;
	objects = {

/* Begin PBXBuildFile section */
		9D512457275BA5E10095DE5A /* Tests_iOS.swift in Sources */ = {isa = PBXBuildFile; fileRef = 9D512456275BA5E10095DE5A /* Tests_iOS.swift */; };
		9D512459275BA5E10095DE5A /* Tests_iOSLaunchTests.swift in Sources */ = {isa = PBXBuildFile; fileRef = 9D512458275BA5E10095DE5A /* Tests_iOSLaunchTests.swift */; };
		9D512463275BA5E10095DE5A /* Tests_macOS.swift in Sources */ = {isa = PBXBuildFile; fileRef = 9D512462275BA5E10095DE5A /* Tests_macOS.swift */; };
		9D512465275BA5E10095DE5A /* Tests_macOSLaunchTests.swift in Sources */ = {isa = PBXBuildFile; fileRef = 9D512464275BA5E10095DE5A /* Tests_macOSLaunchTests.swift */; };
		9D512466275BA5E10095DE5A /* ViewBuilderDemosApp.swift in Sources */ = {isa = PBXBuildFile; fileRef = 9D51243E275BA5DF0095DE5A /* ViewBuilderDemosApp.swift */; };
		9D512467275BA5E10095DE5A /* ViewBuilderDemosApp.swift in Sources */ = {isa = PBXBuildFile; fileRef = 9D51243E275BA5DF0095DE5A /* ViewBuilderDemosApp.swift */; };
		9D512468275BA5E10095DE5A /* ContentView.swift in Sources */ = {isa = PBXBuildFile; fileRef = 9D51243F275BA5DF0095DE5A /* ContentView.swift */; };
		9D512469275BA5E10095DE5A /* ContentView.swift in Sources */ = {isa = PBXBuildFile; fileRef = 9D51243F275BA5DF0095DE5A /* ContentView.swift */; };
		9D51246A275BA5E10095DE5A /* Assets.xcassets in Resources */ = {isa = PBXBuildFile; fileRef = 9D512440275BA5E10095DE5A /* Assets.xcassets */; };
		9D51246B275BA5E10095DE5A /* Assets.xcassets in Resources */ = {isa = PBXBuildFile; fileRef = 9D512440275BA5E10095DE5A /* Assets.xcassets */; };
		9D51247D275BA7580095DE5A /* NotificationView.swift in Sources */ = {isa = PBXBuildFile; fileRef = 9D51247C275BA7580095DE5A /* NotificationView.swift */; };
		9D51247E275BA7580095DE5A /* NotificationView.swift in Sources */ = {isa = PBXBuildFile; fileRef = 9D51247C275BA7580095DE5A /* NotificationView.swift */; };
		9D512481275BA9890095DE5A /* NotificationDemo.swift in Sources */ = {isa = PBXBuildFile; fileRef = 9D512480275BA9890095DE5A /* NotificationDemo.swift */; };
		9D512482275BA9890095DE5A /* NotificationDemo.swift in Sources */ = {isa = PBXBuildFile; fileRef = 9D512480275BA9890095DE5A /* NotificationDemo.swift */; };
		9D512484275BB7AE0095DE5A /* BottomSheetView.swift in Sources */ = {isa = PBXBuildFile; fileRef = 9D512483275BB7AD0095DE5A /* BottomSheetView.swift */; };
		9D512485275BB7AE0095DE5A /* BottomSheetView.swift in Sources */ = {isa = PBXBuildFile; fileRef = 9D512483275BB7AD0095DE5A /* BottomSheetView.swift */; };
		9D512487275BBA710095DE5A /* BottomSheetDemo.swift in Sources */ = {isa = PBXBuildFile; fileRef = 9D512486275BBA710095DE5A /* BottomSheetDemo.swift */; };
		9D512488275BBA710095DE5A /* BottomSheetDemo.swift in Sources */ = {isa = PBXBuildFile; fileRef = 9D512486275BBA710095DE5A /* BottomSheetDemo.swift */; };
		9D51248A275BC64C0095DE5A /* GridStackView.swift in Sources */ = {isa = PBXBuildFile; fileRef = 9D512489275BC64C0095DE5A /* GridStackView.swift */; };
		9D51248B275BC64C0095DE5A /* GridStackView.swift in Sources */ = {isa = PBXBuildFile; fileRef = 9D512489275BC64C0095DE5A /* GridStackView.swift */; };
		9D51248D275BC65E0095DE5A /* GridStackDemo.swift in Sources */ = {isa = PBXBuildFile; fileRef = 9D51248C275BC65E0095DE5A /* GridStackDemo.swift */; };
		9D51248E275BC65E0095DE5A /* GridStackDemo.swift in Sources */ = {isa = PBXBuildFile; fileRef = 9D51248C275BC65E0095DE5A /* GridStackDemo.swift */; };
		9D512499275C1DDB0095DE5A /* ForEachWithIndicesView.swift in Sources */ = {isa = PBXBuildFile; fileRef = 9D512498275C1DDB0095DE5A /* ForEachWithIndicesView.swift */; };
		9D51249A275C1DDB0095DE5A /* ForEachWithIndicesView.swift in Sources */ = {isa = PBXBuildFile; fileRef = 9D512498275C1DDB0095DE5A /* ForEachWithIndicesView.swift */; };
/* End PBXBuildFile section */

/* Begin PBXContainerItemProxy section */
		9D512453275BA5E10095DE5A /* PBXContainerItemProxy */ = {
			isa = PBXContainerItemProxy;
			containerPortal = 9D512439275BA5DE0095DE5A /* Project object */;
			proxyType = 1;
			remoteGlobalIDString = 9D512444275BA5E10095DE5A;
			remoteInfo = "ViewBuilderDemos (iOS)";
		};
		9D51245F275BA5E10095DE5A /* PBXContainerItemProxy */ = {
			isa = PBXContainerItemProxy;
			containerPortal = 9D512439275BA5DE0095DE5A /* Project object */;
			proxyType = 1;
			remoteGlobalIDString = 9D51244A275BA5E10095DE5A;
			remoteInfo = "ViewBuilderDemos (macOS)";
		};
/* End PBXContainerItemProxy section */

/* Begin PBXFileReference section */
		9D51243E275BA5DF0095DE5A /* ViewBuilderDemosApp.swift */ = {isa = PBXFileReference; lastKnownFileType = sourcecode.swift; path = ViewBuilderDemosApp.swift; sourceTree = "<group>"; };
		9D51243F275BA5DF0095DE5A /* ContentView.swift */ = {isa = PBXFileReference; lastKnownFileType = sourcecode.swift; path = ContentView.swift; sourceTree = "<group>"; };
		9D512440275BA5E10095DE5A /* Assets.xcassets */ = {isa = PBXFileReference; lastKnownFileType = folder.assetcatalog; path = Assets.xcassets; sourceTree = "<group>"; };
		9D512445275BA5E10095DE5A /* ViewBuilderDemos.app */ = {isa = PBXFileReference; explicitFileType = wrapper.application; includeInIndex = 0; path = ViewBuilderDemos.app; sourceTree = BUILT_PRODUCTS_DIR; };
		9D51244B275BA5E10095DE5A /* ViewBuilderDemos.app */ = {isa = PBXFileReference; explicitFileType = wrapper.application; includeInIndex = 0; path = ViewBuilderDemos.app; sourceTree = BUILT_PRODUCTS_DIR; };
		9D51244D275BA5E10095DE5A /* macOS.entitlements */ = {isa = PBXFileReference; lastKnownFileType = text.plist.entitlements; path = macOS.entitlements; sourceTree = "<group>"; };
		9D512452275BA5E10095DE5A /* Tests iOS.xctest */ = {isa = PBXFileReference; explicitFileType = wrapper.cfbundle; includeInIndex = 0; path = "Tests iOS.xctest"; sourceTree = BUILT_PRODUCTS_DIR; };
		9D512456275BA5E10095DE5A /* Tests_iOS.swift */ = {isa = PBXFileReference; lastKnownFileType = sourcecode.swift; path = Tests_iOS.swift; sourceTree = "<group>"; };
		9D512458275BA5E10095DE5A /* Tests_iOSLaunchTests.swift */ = {isa = PBXFileReference; lastKnownFileType = sourcecode.swift; path = Tests_iOSLaunchTests.swift; sourceTree = "<group>"; };
		9D51245E275BA5E10095DE5A /* Tests macOS.xctest */ = {isa = PBXFileReference; explicitFileType = wrapper.cfbundle; includeInIndex = 0; path = "Tests macOS.xctest"; sourceTree = BUILT_PRODUCTS_DIR; };
		9D512462275BA5E10095DE5A /* Tests_macOS.swift */ = {isa = PBXFileReference; lastKnownFileType = sourcecode.swift; path = Tests_macOS.swift; sourceTree = "<group>"; };
		9D512464275BA5E10095DE5A /* Tests_macOSLaunchTests.swift */ = {isa = PBXFileReference; lastKnownFileType = sourcecode.swift; path = Tests_macOSLaunchTests.swift; sourceTree = "<group>"; };
		9D51247A275BA6440095DE5A /* README.md */ = {isa = PBXFileReference; lastKnownFileType = net.daringfireball.markdown; path = README.md; sourceTree = "<group>"; };
		9D51247C275BA7580095DE5A /* NotificationView.swift */ = {isa = PBXFileReference; lastKnownFileType = sourcecode.swift; path = NotificationView.swift; sourceTree = "<group>"; };
		9D512480275BA9890095DE5A /* NotificationDemo.swift */ = {isa = PBXFileReference; lastKnownFileType = sourcecode.swift; path = NotificationDemo.swift; sourceTree = "<group>"; };
		9D512483275BB7AD0095DE5A /* BottomSheetView.swift */ = {isa = PBXFileReference; lastKnownFileType = sourcecode.swift; path = BottomSheetView.swift; sourceTree = "<group>"; };
		9D512486275BBA710095DE5A /* BottomSheetDemo.swift */ = {isa = PBXFileReference; lastKnownFileType = sourcecode.swift; path = BottomSheetDemo.swift; sourceTree = "<group>"; };
		9D512489275BC64C0095DE5A /* GridStackView.swift */ = {isa = PBXFileReference; lastKnownFileType = sourcecode.swift; path = GridStackView.swift; sourceTree = "<group>"; };
		9D51248C275BC65E0095DE5A /* GridStackDemo.swift */ = {isa = PBXFileReference; lastKnownFileType = sourcecode.swift; path = GridStackDemo.swift; sourceTree = "<group>"; };
		9D512498275C1DDB0095DE5A /* ForEachWithIndicesView.swift */ = {isa = PBXFileReference; fileEncoding = 4; lastKnownFileType = sourcecode.swift; path = ForEachWithIndicesView.swift; sourceTree = SOURCE_ROOT; };
/* End PBXFileReference section */

/* Begin PBXFrameworksBuildPhase section */
		9D512442275BA5E10095DE5A /* Frameworks */ = {
			isa = PBXFrameworksBuildPhase;
			buildActionMask = 2147483647;
			files = (
			);
			runOnlyForDeploymentPostprocessing = 0;
		};
		9D512448275BA5E10095DE5A /* Frameworks */ = {
			isa = PBXFrameworksBuildPhase;
			buildActionMask = 2147483647;
			files = (
			);
			runOnlyForDeploymentPostprocessing = 0;
		};
		9D51244F275BA5E10095DE5A /* Frameworks */ = {
			isa = PBXFrameworksBuildPhase;
			buildActionMask = 2147483647;
			files = (
			);
			runOnlyForDeploymentPostprocessing = 0;
		};
		9D51245B275BA5E10095DE5A /* Frameworks */ = {
			isa = PBXFrameworksBuildPhase;
			buildActionMask = 2147483647;
			files = (
			);
			runOnlyForDeploymentPostprocessing = 0;
		};
/* End PBXFrameworksBuildPhase section */

/* Begin PBXGroup section */
		9D512438275BA5DE0095DE5A = {
			isa = PBXGroup;
			children = (
				9D51247A275BA6440095DE5A /* README.md */,
				9D51243D275BA5DF0095DE5A /* Shared */,
				9D51244C275BA5E10095DE5A /* macOS */,
				9D512455275BA5E10095DE5A /* Tests iOS */,
				9D512461275BA5E10095DE5A /* Tests macOS */,
				9D512446275BA5E10095DE5A /* Products */,
			);
			sourceTree = "<group>";
		};
		9D51243D275BA5DF0095DE5A /* Shared */ = {
			isa = PBXGroup;
			children = (
				9D51247B275BA72B0095DE5A /* App */,
				9D51247F275BA75E0095DE5A /* View */,
			);
			path = Shared;
			sourceTree = "<group>";
		};
		9D512446275BA5E10095DE5A /* Products */ = {
			isa = PBXGroup;
			children = (
				9D512445275BA5E10095DE5A /* ViewBuilderDemos.app */,
				9D51244B275BA5E10095DE5A /* ViewBuilderDemos.app */,
				9D512452275BA5E10095DE5A /* Tests iOS.xctest */,
				9D51245E275BA5E10095DE5A /* Tests macOS.xctest */,
			);
			name = Products;
			sourceTree = "<group>";
		};
		9D51244C275BA5E10095DE5A /* macOS */ = {
			isa = PBXGroup;
			children = (
				9D51244D275BA5E10095DE5A /* macOS.entitlements */,
			);
			path = macOS;
			sourceTree = "<group>";
		};
		9D512455275BA5E10095DE5A /* Tests iOS */ = {
			isa = PBXGroup;
			children = (
				9D512456275BA5E10095DE5A /* Tests_iOS.swift */,
				9D512458275BA5E10095DE5A /* Tests_iOSLaunchTests.swift */,
			);
			path = "Tests iOS";
			sourceTree = "<group>";
		};
		9D512461275BA5E10095DE5A /* Tests macOS */ = {
			isa = PBXGroup;
			children = (
				9D512462275BA5E10095DE5A /* Tests_macOS.swift */,
				9D512464275BA5E10095DE5A /* Tests_macOSLaunchTests.swift */,
			);
			path = "Tests macOS";
			sourceTree = "<group>";
		};
		9D51247B275BA72B0095DE5A /* App */ = {
			isa = PBXGroup;
			children = (
				9D51243F275BA5DF0095DE5A /* ContentView.swift */,
				9D51243E275BA5DF0095DE5A /* ViewBuilderDemosApp.swift */,
				9D512440275BA5E10095DE5A /* Assets.xcassets */,
			);
			path = App;
			sourceTree = "<group>";
		};
		9D51247F275BA75E0095DE5A /* View */ = {
			isa = PBXGroup;
			children = (
				9D512498275C1DDB0095DE5A /* ForEachWithIndicesView.swift */,
				9D512486275BBA710095DE5A /* BottomSheetDemo.swift */,
				9D512483275BB7AD0095DE5A /* BottomSheetView.swift */,
				9D51248C275BC65E0095DE5A /* GridStackDemo.swift */,
				9D512489275BC64C0095DE5A /* GridStackView.swift */,
				9D512480275BA9890095DE5A /* NotificationDemo.swift */,
				9D51247C275BA7580095DE5A /* NotificationView.swift */,
			);
			path = View;
			sourceTree = "<group>";
		};
/* End PBXGroup section */

/* Begin PBXNativeTarget section */
		9D512444275BA5E10095DE5A /* ViewBuilderDemos (iOS) */ = {
			isa = PBXNativeTarget;
			buildConfigurationList = 9D51246E275BA5E10095DE5A /* Build configuration list for PBXNativeTarget "ViewBuilderDemos (iOS)" */;
			buildPhases = (
				9D512441275BA5E10095DE5A /* Sources */,
				9D512442275BA5E10095DE5A /* Frameworks */,
				9D512443275BA5E10095DE5A /* Resources */,
			);
			buildRules = (
			);
			dependencies = (
			);
			name = "ViewBuilderDemos (iOS)";
			productName = "ViewBuilderDemos (iOS)";
			productReference = 9D512445275BA5E10095DE5A /* ViewBuilderDemos.app */;
			productType = "com.apple.product-type.application";
		};
		9D51244A275BA5E10095DE5A /* ViewBuilderDemos (macOS) */ = {
			isa = PBXNativeTarget;
			buildConfigurationList = 9D512471275BA5E10095DE5A /* Build configuration list for PBXNativeTarget "ViewBuilderDemos (macOS)" */;
			buildPhases = (
				9D512447275BA5E10095DE5A /* Sources */,
				9D512448275BA5E10095DE5A /* Frameworks */,
				9D512449275BA5E10095DE5A /* Resources */,
			);
			buildRules = (
			);
			dependencies = (
			);
			name = "ViewBuilderDemos (macOS)";
			productName = "ViewBuilderDemos (macOS)";
			productReference = 9D51244B275BA5E10095DE5A /* ViewBuilderDemos.app */;
			productType = "com.apple.product-type.application";
		};
		9D512451275BA5E10095DE5A /* Tests iOS */ = {
			isa = PBXNativeTarget;
			buildConfigurationList = 9D512474275BA5E10095DE5A /* Build configuration list for PBXNativeTarget "Tests iOS" */;
			buildPhases = (
				9D51244E275BA5E10095DE5A /* Sources */,
				9D51244F275BA5E10095DE5A /* Frameworks */,
				9D512450275BA5E10095DE5A /* Resources */,
			);
			buildRules = (
			);
			dependencies = (
				9D512454275BA5E10095DE5A /* PBXTargetDependency */,
			);
			name = "Tests iOS";
			productName = "Tests iOS";
			productReference = 9D512452275BA5E10095DE5A /* Tests iOS.xctest */;
			productType = "com.apple.product-type.bundle.ui-testing";
		};
		9D51245D275BA5E10095DE5A /* Tests macOS */ = {
			isa = PBXNativeTarget;
			buildConfigurationList = 9D512477275BA5E10095DE5A /* Build configuration list for PBXNativeTarget "Tests macOS" */;
			buildPhases = (
				9D51245A275BA5E10095DE5A /* Sources */,
				9D51245B275BA5E10095DE5A /* Frameworks */,
				9D51245C275BA5E10095DE5A /* Resources */,
			);
			buildRules = (
			);
			dependencies = (
				9D512460275BA5E10095DE5A /* PBXTargetDependency */,
			);
			name = "Tests macOS";
			productName = "Tests macOS";
			productReference = 9D51245E275BA5E10095DE5A /* Tests macOS.xctest */;
			productType = "com.apple.product-type.bundle.ui-testing";
		};
/* End PBXNativeTarget section */

/* Begin PBXProject section */
		9D512439275BA5DE0095DE5A /* Project object */ = {
			isa = PBXProject;
			attributes = {
				BuildIndependentTargetsInParallel = 1;
				LastSwiftUpdateCheck = 1310;
				LastUpgradeCheck = 1310;
				TargetAttributes = {
					9D512444275BA5E10095DE5A = {
						CreatedOnToolsVersion = 13.1;
					};
					9D51244A275BA5E10095DE5A = {
						CreatedOnToolsVersion = 13.1;
					};
					9D512451275BA5E10095DE5A = {
						CreatedOnToolsVersion = 13.1;
						TestTargetID = 9D512444275BA5E10095DE5A;
					};
					9D51245D275BA5E10095DE5A = {
						CreatedOnToolsVersion = 13.1;
						TestTargetID = 9D51244A275BA5E10095DE5A;
					};
				};
			};
			buildConfigurationList = 9D51243C275BA5DE0095DE5A /* Build configuration list for PBXProject "ViewBuilderDemos" */;
			compatibilityVersion = "Xcode 13.0";
			developmentRegion = en;
			hasScannedForEncodings = 0;
			knownRegions = (
				en,
				Base,
			);
			mainGroup = 9D512438275BA5DE0095DE5A;
			productRefGroup = 9D512446275BA5E10095DE5A /* Products */;
			projectDirPath = "";
			projectRoot = "";
			targets = (
				9D512444275BA5E10095DE5A /* ViewBuilderDemos (iOS) */,
				9D51244A275BA5E10095DE5A /* ViewBuilderDemos (macOS) */,
				9D512451275BA5E10095DE5A /* Tests iOS */,
				9D51245D275BA5E10095DE5A /* Tests macOS */,
			);
		};
/* End PBXProject section */

/* Begin PBXResourcesBuildPhase section */
		9D512443275BA5E10095DE5A /* Resources */ = {
			isa = PBXResourcesBuildPhase;
			buildActionMask = 2147483647;
			files = (
				9D51246A275BA5E10095DE5A /* Assets.xcassets in Resources */,
			);
			runOnlyForDeploymentPostprocessing = 0;
		};
		9D512449275BA5E10095DE5A /* Resources */ = {
			isa = PBXResourcesBuildPhase;
			buildActionMask = 2147483647;
			files = (
				9D51246B275BA5E10095DE5A /* Assets.xcassets in Resources */,
			);
			runOnlyForDeploymentPostprocessing = 0;
		};
		9D512450275BA5E10095DE5A /* Resources */ = {
			isa = PBXResourcesBuildPhase;
			buildActionMask = 2147483647;
			files = (
			);
			runOnlyForDeploymentPostprocessing = 0;
		};
		9D51245C275BA5E10095DE5A /* Resources */ = {
			isa = PBXResourcesBuildPhase;
			buildActionMask = 2147483647;
			files = (
			);
			runOnlyForDeploymentPostprocessing = 0;
		};
/* End PBXResourcesBuildPhase section */

/* Begin PBXSourcesBuildPhase section */
		9D512441275BA5E10095DE5A /* Sources */ = {
			isa = PBXSourcesBuildPhase;
			buildActionMask = 2147483647;
			files = (
				9D512468275BA5E10095DE5A /* ContentView.swift in Sources */,
				9D512487275BBA710095DE5A /* BottomSheetDemo.swift in Sources */,
				9D512484275BB7AE0095DE5A /* BottomSheetView.swift in Sources */,
				9D512499275C1DDB0095DE5A /* ForEachWithIndicesView.swift in Sources */,
				9D512481275BA9890095DE5A /* NotificationDemo.swift in Sources */,
				9D51248A275BC64C0095DE5A /* GridStackView.swift in Sources */,
				9D512466275BA5E10095DE5A /* ViewBuilderDemosApp.swift in Sources */,
				9D51247D275BA7580095DE5A /* NotificationView.swift in Sources */,
				9D51248D275BC65E0095DE5A /* GridStackDemo.swift in Sources */,
			);
			runOnlyForDeploymentPostprocessing = 0;
		};
		9D512447275BA5E10095DE5A /* Sources */ = {
			isa = PBXSourcesBuildPhase;
			buildActionMask = 2147483647;
			files = (
				9D512469275BA5E10095DE5A /* ContentView.swift in Sources */,
				9D512488275BBA710095DE5A /* BottomSheetDemo.swift in Sources */,
				9D512485275BB7AE0095DE5A /* BottomSheetView.swift in Sources */,
				9D51249A275C1DDB0095DE5A /* ForEachWithIndicesView.swift in Sources */,
				9D512482275BA9890095DE5A /* NotificationDemo.swift in Sources */,
				9D51248B275BC64C0095DE5A /* GridStackView.swift in Sources */,
				9D512467275BA5E10095DE5A /* ViewBuilderDemosApp.swift in Sources */,
				9D51247E275BA7580095DE5A /* NotificationView.swift in Sources */,
				9D51248E275BC65E0095DE5A /* GridStackDemo.swift in Sources */,
			);
			runOnlyForDeploymentPostprocessing = 0;
		};
		9D51244E275BA5E10095DE5A /* Sources */ = {
			isa = PBXSourcesBuildPhase;
			buildActionMask = 2147483647;
			files = (
				9D512459275BA5E10095DE5A /* Tests_iOSLaunchTests.swift in Sources */,
				9D512457275BA5E10095DE5A /* Tests_iOS.swift in Sources */,
			);
			runOnlyForDeploymentPostprocessing = 0;
		};
		9D51245A275BA5E10095DE5A /* Sources */ = {
			isa = PBXSourcesBuildPhase;
			buildActionMask = 2147483647;
			files = (
				9D512465275BA5E10095DE5A /* Tests_macOSLaunchTests.swift in Sources */,
				9D512463275BA5E10095DE5A /* Tests_macOS.swift in Sources */,
			);
			runOnlyForDeploymentPostprocessing = 0;
		};
/* End PBXSourcesBuildPhase section */

/* Begin PBXTargetDependency section */
		9D512454275BA5E10095DE5A /* PBXTargetDependency */ = {
			isa = PBXTargetDependency;
			target = 9D512444275BA5E10095DE5A /* ViewBuilderDemos (iOS) */;
			targetProxy = 9D512453275BA5E10095DE5A /* PBXContainerItemProxy */;
		};
		9D512460275BA5E10095DE5A /* PBXTargetDependency */ = {
			isa = PBXTargetDependency;
			target = 9D51244A275BA5E10095DE5A /* ViewBuilderDemos (macOS) */;
			targetProxy = 9D51245F275BA5E10095DE5A /* PBXContainerItemProxy */;
		};
/* End PBXTargetDependency section */

/* Begin XCBuildConfiguration section */
		9D51246C275BA5E10095DE5A /* Debug */ = {
			isa = XCBuildConfiguration;
			buildSettings = {
				ALWAYS_SEARCH_USER_PATHS = NO;
				CLANG_ANALYZER_NONNULL = YES;
				CLANG_ANALYZER_NUMBER_OBJECT_CONVERSION = YES_AGGRESSIVE;
				CLANG_CXX_LANGUAGE_STANDARD = "gnu++17";
				CLANG_CXX_LIBRARY = "libc++";
				CLANG_ENABLE_MODULES = YES;
				CLANG_ENABLE_OBJC_ARC = YES;
				CLANG_ENABLE_OBJC_WEAK = YES;
				CLANG_WARN_BLOCK_CAPTURE_AUTORELEASING = YES;
				CLANG_WARN_BOOL_CONVERSION = YES;
				CLANG_WARN_COMMA = YES;
				CLANG_WARN_CONSTANT_CONVERSION = YES;
				CLANG_WARN_DEPRECATED_OBJC_IMPLEMENTATIONS = YES;
				CLANG_WARN_DIRECT_OBJC_ISA_USAGE = YES_ERROR;
				CLANG_WARN_DOCUMENTATION_COMMENTS = YES;
				CLANG_WARN_EMPTY_BODY = YES;
				CLANG_WARN_ENUM_CONVERSION = YES;
				CLANG_WARN_INFINITE_RECURSION = YES;
				CLANG_WARN_INT_CONVERSION = YES;
				CLANG_WARN_NON_LITERAL_NULL_CONVERSION = YES;
				CLANG_WARN_OBJC_IMPLICIT_RETAIN_SELF = YES;
				CLANG_WARN_OBJC_LITERAL_CONVERSION = YES;
				CLANG_WARN_OBJC_ROOT_CLASS = YES_ERROR;
				CLANG_WARN_QUOTED_INCLUDE_IN_FRAMEWORK_HEADER = YES;
				CLANG_WARN_RANGE_LOOP_ANALYSIS = YES;
				CLANG_WARN_STRICT_PROTOTYPES = YES;
				CLANG_WARN_SUSPICIOUS_MOVE = YES;
				CLANG_WARN_UNGUARDED_AVAILABILITY = YES_AGGRESSIVE;
				CLANG_WARN_UNREACHABLE_CODE = YES;
				CLANG_WARN__DUPLICATE_METHOD_MATCH = YES;
				COPY_PHASE_STRIP = NO;
				DEBUG_INFORMATION_FORMAT = dwarf;
				ENABLE_STRICT_OBJC_MSGSEND = YES;
				ENABLE_TESTABILITY = YES;
				GCC_C_LANGUAGE_STANDARD = gnu11;
				GCC_DYNAMIC_NO_PIC = NO;
				GCC_NO_COMMON_BLOCKS = YES;
				GCC_OPTIMIZATION_LEVEL = 0;
				GCC_PREPROCESSOR_DEFINITIONS = (
					"DEBUG=1",
					"$(inherited)",
				);
				GCC_WARN_64_TO_32_BIT_CONVERSION = YES;
				GCC_WARN_ABOUT_RETURN_TYPE = YES_ERROR;
				GCC_WARN_UNDECLARED_SELECTOR = YES;
				GCC_WARN_UNINITIALIZED_AUTOS = YES_AGGRESSIVE;
				GCC_WARN_UNUSED_FUNCTION = YES;
				GCC_WARN_UNUSED_VARIABLE = YES;
				MTL_ENABLE_DEBUG_INFO = INCLUDE_SOURCE;
				MTL_FAST_MATH = YES;
				ONLY_ACTIVE_ARCH = YES;
				SWIFT_ACTIVE_COMPILATION_CONDITIONS = DEBUG;
				SWIFT_OPTIMIZATION_LEVEL = "-Onone";
			};
			name = Debug;
		};
		9D51246D275BA5E10095DE5A /* Release */ = {
			isa = XCBuildConfiguration;
			buildSettings = {
				ALWAYS_SEARCH_USER_PATHS = NO;
				CLANG_ANALYZER_NONNULL = YES;
				CLANG_ANALYZER_NUMBER_OBJECT_CONVERSION = YES_AGGRESSIVE;
				CLANG_CXX_LANGUAGE_STANDARD = "gnu++17";
				CLANG_CXX_LIBRARY = "libc++";
				CLANG_ENABLE_MODULES = YES;
				CLANG_ENABLE_OBJC_ARC = YES;
				CLANG_ENABLE_OBJC_WEAK = YES;
				CLANG_WARN_BLOCK_CAPTURE_AUTORELEASING = YES;
				CLANG_WARN_BOOL_CONVERSION = YES;
				CLANG_WARN_COMMA = YES;
				CLANG_WARN_CONSTANT_CONVERSION = YES;
				CLANG_WARN_DEPRECATED_OBJC_IMPLEMENTATIONS = YES;
				CLANG_WARN_DIRECT_OBJC_ISA_USAGE = YES_ERROR;
				CLANG_WARN_DOCUMENTATION_COMMENTS = YES;
				CLANG_WARN_EMPTY_BODY = YES;
				CLANG_WARN_ENUM_CONVERSION = YES;
				CLANG_WARN_INFINITE_RECURSION = YES;
				CLANG_WARN_INT_CONVERSION = YES;
				CLANG_WARN_NON_LITERAL_NULL_CONVERSION = YES;
				CLANG_WARN_OBJC_IMPLICIT_RETAIN_SELF = YES;
				CLANG_WARN_OBJC_LITERAL_CONVERSION = YES;
				CLANG_WARN_OBJC_ROOT_CLASS = YES_ERROR;
				CLANG_WARN_QUOTED_INCLUDE_IN_FRAMEWORK_HEADER = YES;
				CLANG_WARN_RANGE_LOOP_ANALYSIS = YES;
				CLANG_WARN_STRICT_PROTOTYPES = YES;
				CLANG_WARN_SUSPICIOUS_MOVE = YES;
				CLANG_WARN_UNGUARDED_AVAILABILITY = YES_AGGRESSIVE;
				CLANG_WARN_UNREACHABLE_CODE = YES;
				CLANG_WARN__DUPLICATE_METHOD_MATCH = YES;
				COPY_PHASE_STRIP = NO;
				DEBUG_INFORMATION_FORMAT = "dwarf-with-dsym";
				ENABLE_NS_ASSERTIONS = NO;
				ENABLE_STRICT_OBJC_MSGSEND = YES;
				GCC_C_LANGUAGE_STANDARD = gnu11;
				GCC_NO_COMMON_BLOCKS = YES;
				GCC_WARN_64_TO_32_BIT_CONVERSION = YES;
				GCC_WARN_ABOUT_RETURN_TYPE = YES_ERROR;
				GCC_WARN_UNDECLARED_SELECTOR = YES;
				GCC_WARN_UNINITIALIZED_AUTOS = YES_AGGRESSIVE;
				GCC_WARN_UNUSED_FUNCTION = YES;
				GCC_WARN_UNUSED_VARIABLE = YES;
				MTL_ENABLE_DEBUG_INFO = NO;
				MTL_FAST_MATH = YES;
				SWIFT_COMPILATION_MODE = wholemodule;
				SWIFT_OPTIMIZATION_LEVEL = "-O";
			};
			name = Release;
		};
		9D51246F275BA5E10095DE5A /* Debug */ = {
			isa = XCBuildConfiguration;
			buildSettings = {
				ASSETCATALOG_COMPILER_APPICON_NAME = AppIcon;
				ASSETCATALOG_COMPILER_GLOBAL_ACCENT_COLOR_NAME = AccentColor;
				CODE_SIGN_STYLE = Automatic;
				CURRENT_PROJECT_VERSION = 1;
				DEVELOPMENT_TEAM = LHA84NAPNA;
				ENABLE_PREVIEWS = YES;
				GENERATE_INFOPLIST_FILE = YES;
				INFOPLIST_KEY_UIApplicationSceneManifest_Generation = YES;
				INFOPLIST_KEY_UIApplicationSupportsIndirectInputEvents = YES;
				INFOPLIST_KEY_UILaunchScreen_Generation = YES;
				INFOPLIST_KEY_UISupportedInterfaceOrientations_iPad = "UIInterfaceOrientationPortrait UIInterfaceOrientationPortraitUpsideDown UIInterfaceOrientationLandscapeLeft UIInterfaceOrientationLandscapeRight";
				INFOPLIST_KEY_UISupportedInterfaceOrientations_iPhone = "UIInterfaceOrientationPortrait UIInterfaceOrientationLandscapeLeft UIInterfaceOrientationLandscapeRight";
				IPHONEOS_DEPLOYMENT_TARGET = 15.0;
				LD_RUNPATH_SEARCH_PATHS = (
					"$(inherited)",
					"@executable_path/Frameworks",
				);
				MARKETING_VERSION = 1.0;
				PRODUCT_BUNDLE_IDENTIFIER = ch.rudifa.ViewBuilderDemos;
				PRODUCT_NAME = ViewBuilderDemos;
				SDKROOT = iphoneos;
				SWIFT_EMIT_LOC_STRINGS = YES;
				SWIFT_VERSION = 5.0;
				TARGETED_DEVICE_FAMILY = "1,2";
			};
			name = Debug;
		};
		9D512470275BA5E10095DE5A /* Release */ = {
			isa = XCBuildConfiguration;
			buildSettings = {
				ASSETCATALOG_COMPILER_APPICON_NAME = AppIcon;
				ASSETCATALOG_COMPILER_GLOBAL_ACCENT_COLOR_NAME = AccentColor;
				CODE_SIGN_STYLE = Automatic;
				CURRENT_PROJECT_VERSION = 1;
				DEVELOPMENT_TEAM = LHA84NAPNA;
				ENABLE_PREVIEWS = YES;
				GENERATE_INFOPLIST_FILE = YES;
				INFOPLIST_KEY_UIApplicationSceneManifest_Generation = YES;
				INFOPLIST_KEY_UIApplicationSupportsIndirectInputEvents = YES;
				INFOPLIST_KEY_UILaunchScreen_Generation = YES;
				INFOPLIST_KEY_UISupportedInterfaceOrientations_iPad = "UIInterfaceOrientationPortrait UIInterfaceOrientationPortraitUpsideDown UIInterfaceOrientationLandscapeLeft UIInterfaceOrientationLandscapeRight";
				INFOPLIST_KEY_UISupportedInterfaceOrientations_iPhone = "UIInterfaceOrientationPortrait UIInterfaceOrientationLandscapeLeft UIInterfaceOrientationLandscapeRight";
				IPHONEOS_DEPLOYMENT_TARGET = 15.0;
				LD_RUNPATH_SEARCH_PATHS = (
					"$(inherited)",
					"@executable_path/Frameworks",
				);
				MARKETING_VERSION = 1.0;
				PRODUCT_BUNDLE_IDENTIFIER = ch.rudifa.ViewBuilderDemos;
				PRODUCT_NAME = ViewBuilderDemos;
				SDKROOT = iphoneos;
				SWIFT_EMIT_LOC_STRINGS = YES;
				SWIFT_VERSION = 5.0;
				TARGETED_DEVICE_FAMILY = "1,2";
				VALIDATE_PRODUCT = YES;
			};
			name = Release;
		};
		9D512472275BA5E10095DE5A /* Debug */ = {
			isa = XCBuildConfiguration;
			buildSettings = {
				ASSETCATALOG_COMPILER_APPICON_NAME = AppIcon;
				ASSETCATALOG_COMPILER_GLOBAL_ACCENT_COLOR_NAME = AccentColor;
				CODE_SIGN_ENTITLEMENTS = macOS/macOS.entitlements;
				CODE_SIGN_STYLE = Automatic;
				COMBINE_HIDPI_IMAGES = YES;
				CURRENT_PROJECT_VERSION = 1;
				DEVELOPMENT_TEAM = LHA84NAPNA;
				ENABLE_HARDENED_RUNTIME = YES;
				ENABLE_PREVIEWS = YES;
				GENERATE_INFOPLIST_FILE = YES;
				INFOPLIST_KEY_NSHumanReadableCopyright = "";
				LD_RUNPATH_SEARCH_PATHS = (
					"$(inherited)",
					"@executable_path/../Frameworks",
				);
				MACOSX_DEPLOYMENT_TARGET = 12.0;
				MARKETING_VERSION = 1.0;
				PRODUCT_BUNDLE_IDENTIFIER = ch.rudifa.ViewBuilderDemos;
				PRODUCT_NAME = ViewBuilderDemos;
				SDKROOT = macosx;
				SWIFT_EMIT_LOC_STRINGS = YES;
				SWIFT_VERSION = 5.0;
			};
			name = Debug;
		};
		9D512473275BA5E10095DE5A /* Release */ = {
			isa = XCBuildConfiguration;
			buildSettings = {
				ASSETCATALOG_COMPILER_APPICON_NAME = AppIcon;
				ASSETCATALOG_COMPILER_GLOBAL_ACCENT_COLOR_NAME = AccentColor;
				CODE_SIGN_ENTITLEMENTS = macOS/macOS.entitlements;
				CODE_SIGN_STYLE = Automatic;
				COMBINE_HIDPI_IMAGES = YES;
				CURRENT_PROJECT_VERSION = 1;
				DEVELOPMENT_TEAM = LHA84NAPNA;
				ENABLE_HARDENED_RUNTIME = YES;
				ENABLE_PREVIEWS = YES;
				GENERATE_INFOPLIST_FILE = YES;
				INFOPLIST_KEY_NSHumanReadableCopyright = "";
				LD_RUNPATH_SEARCH_PATHS = (
					"$(inherited)",
					"@executable_path/../Frameworks",
				);
				MACOSX_DEPLOYMENT_TARGET = 12.0;
				MARKETING_VERSION = 1.0;
				PRODUCT_BUNDLE_IDENTIFIER = ch.rudifa.ViewBuilderDemos;
				PRODUCT_NAME = ViewBuilderDemos;
				SDKROOT = macosx;
				SWIFT_EMIT_LOC_STRINGS = YES;
				SWIFT_VERSION = 5.0;
			};
			name = Release;
		};
		9D512475275BA5E10095DE5A /* Debug */ = {
			isa = XCBuildConfiguration;
			buildSettings = {
				ALWAYS_EMBED_SWIFT_STANDARD_LIBRARIES = YES;
				CODE_SIGN_STYLE = Automatic;
				CURRENT_PROJECT_VERSION = 1;
				DEVELOPMENT_TEAM = LHA84NAPNA;
				GENERATE_INFOPLIST_FILE = YES;
				IPHONEOS_DEPLOYMENT_TARGET = 15.0;
				LD_RUNPATH_SEARCH_PATHS = (
					"$(inherited)",
					"@executable_path/Frameworks",
					"@loader_path/Frameworks",
				);
				MARKETING_VERSION = 1.0;
				PRODUCT_BUNDLE_IDENTIFIER = "ch.rudifa.Tests-iOS";
				PRODUCT_NAME = "$(TARGET_NAME)";
				SDKROOT = iphoneos;
				SWIFT_EMIT_LOC_STRINGS = NO;
				SWIFT_VERSION = 5.0;
				TARGETED_DEVICE_FAMILY = "1,2";
				TEST_TARGET_NAME = "ViewBuilderDemos (iOS)";
			};
			name = Debug;
		};
		9D512476275BA5E10095DE5A /* Release */ = {
			isa = XCBuildConfiguration;
			buildSettings = {
				ALWAYS_EMBED_SWIFT_STANDARD_LIBRARIES = YES;
				CODE_SIGN_STYLE = Automatic;
				CURRENT_PROJECT_VERSION = 1;
				DEVELOPMENT_TEAM = LHA84NAPNA;
				GENERATE_INFOPLIST_FILE = YES;
				IPHONEOS_DEPLOYMENT_TARGET = 15.0;
				LD_RUNPATH_SEARCH_PATHS = (
					"$(inherited)",
					"@executable_path/Frameworks",
					"@loader_path/Frameworks",
				);
				MARKETING_VERSION = 1.0;
				PRODUCT_BUNDLE_IDENTIFIER = "ch.rudifa.Tests-iOS";
				PRODUCT_NAME = "$(TARGET_NAME)";
				SDKROOT = iphoneos;
				SWIFT_EMIT_LOC_STRINGS = NO;
				SWIFT_VERSION = 5.0;
				TARGETED_DEVICE_FAMILY = "1,2";
				TEST_TARGET_NAME = "ViewBuilderDemos (iOS)";
				VALIDATE_PRODUCT = YES;
			};
			name = Release;
		};
		9D512478275BA5E10095DE5A /* Debug */ = {
			isa = XCBuildConfiguration;
			buildSettings = {
				ALWAYS_EMBED_SWIFT_STANDARD_LIBRARIES = YES;
				CODE_SIGN_STYLE = Automatic;
				COMBINE_HIDPI_IMAGES = YES;
				CURRENT_PROJECT_VERSION = 1;
				DEVELOPMENT_TEAM = LHA84NAPNA;
				GENERATE_INFOPLIST_FILE = YES;
				LD_RUNPATH_SEARCH_PATHS = (
					"$(inherited)",
					"@executable_path/../Frameworks",
					"@loader_path/../Frameworks",
				);
				MACOSX_DEPLOYMENT_TARGET = 12.0;
				MARKETING_VERSION = 1.0;
				PRODUCT_BUNDLE_IDENTIFIER = "ch.rudifa.Tests-macOS";
				PRODUCT_NAME = "$(TARGET_NAME)";
				SDKROOT = macosx;
				SWIFT_EMIT_LOC_STRINGS = NO;
				SWIFT_VERSION = 5.0;
				TEST_TARGET_NAME = "ViewBuilderDemos (macOS)";
			};
			name = Debug;
		};
		9D512479275BA5E10095DE5A /* Release */ = {
			isa = XCBuildConfiguration;
			buildSettings = {
				ALWAYS_EMBED_SWIFT_STANDARD_LIBRARIES = YES;
				CODE_SIGN_STYLE = Automatic;
				COMBINE_HIDPI_IMAGES = YES;
				CURRENT_PROJECT_VERSION = 1;
				DEVELOPMENT_TEAM = LHA84NAPNA;
				GENERATE_INFOPLIST_FILE = YES;
				LD_RUNPATH_SEARCH_PATHS = (
					"$(inherited)",
					"@executable_path/../Frameworks",
					"@loader_path/../Frameworks",
				);
				MACOSX_DEPLOYMENT_TARGET = 12.0;
				MARKETING_VERSION = 1.0;
				PRODUCT_BUNDLE_IDENTIFIER = "ch.rudifa.Tests-macOS";
				PRODUCT_NAME = "$(TARGET_NAME)";
				SDKROOT = macosx;
				SWIFT_EMIT_LOC_STRINGS = NO;
				SWIFT_VERSION = 5.0;
				TEST_TARGET_NAME = "ViewBuilderDemos (macOS)";
			};
			name = Release;
		};
/* End XCBuildConfiguration section */

/* Begin XCConfigurationList section */
		9D51243C275BA5DE0095DE5A /* Build configuration list for PBXProject "ViewBuilderDemos" */ = {
			isa = XCConfigurationList;
			buildConfigurations = (
				9D51246C275BA5E10095DE5A /* Debug */,
				9D51246D275BA5E10095DE5A /* Release */,
			);
			defaultConfigurationIsVisible = 0;
			defaultConfigurationName = Release;
		};
		9D51246E275BA5E10095DE5A /* Build configuration list for PBXNativeTarget "ViewBuilderDemos (iOS)" */ = {
			isa = XCConfigurationList;
			buildConfigurations = (
				9D51246F275BA5E10095DE5A /* Debug */,
				9D512470275BA5E10095DE5A /* Release */,
			);
			defaultConfigurationIsVisible = 0;
			defaultConfigurationName = Release;
		};
		9D512471275BA5E10095DE5A /* Build configuration list for PBXNativeTarget "ViewBuilderDemos (macOS)" */ = {
			isa = XCConfigurationList;
			buildConfigurations = (
				9D512472275BA5E10095DE5A /* Debug */,
				9D512473275BA5E10095DE5A /* Release */,
			);
			defaultConfigurationIsVisible = 0;
			defaultConfigurationName = Release;
		};
		9D512474275BA5E10095DE5A /* Build configuration list for PBXNativeTarget "Tests iOS" */ = {
			isa = XCConfigurationList;
			buildConfigurations = (
				9D512475275BA5E10095DE5A /* Debug */,
				9D512476275BA5E10095DE5A /* Release */,
			);
			defaultConfigurationIsVisible = 0;
			defaultConfigurationName = Release;
		};
		9D512477275BA5E10095DE5A /* Build configuration list for PBXNativeTarget "Tests macOS" */ = {
			isa = XCConfigurationList;
			buildConfigurations = (
				9D512478275BA5E10095DE5A /* Debug */,
				9D512479275BA5E10095DE5A /* Release */,
			);
			defaultConfigurationIsVisible = 0;
			defaultConfigurationName = Release;
		};
/* End XCConfigurationList section */
	};
	rootObject = 9D512439275BA5DE0095DE5A /* Project object */;
}
